github.com/divy-sh/animus v0.0.2 h1:ZG2vzgX2/MSloeZJLiWvV41pKwBuS7ISvQB18X9I5Eo=
github.com/divy-sh/animus v0.0.2/go.mod h1:SshFiB/3XgZJx+3LFrEz9fbX2uhCdNlkJlDDhvLyt6Q=
github.com/google/btree v1.1.3 h1:CVpQJjYgC4VbzxeGVHfvZrv1ctoYCAI8vbl07Fcxlyg=
github.com/google/btree v1.1.3/go.mod h1:qOPhT0dTNdNzV6Z/lhRX0YXUafgPLFUh+gZMl761Gm4=
